
Microsoft Visual Studio Solution File, Format Version 12.00
# Visual Studio Version 17
VisualStudioVersion = 17.0.31717.71
MinimumVisualStudioVersion = 10.0.40219.1
Project("{FAE04EC0-301F-11D3-BF4B-00C04F79EFBC}") = "BattleshipGameXam.Forms.Android", "BattleshipGameXam.Forms\BattleshipGameXam.Forms.Android\BattleshipGameXam.Forms.Android.csproj", "{9B8E647D-5F63-455B-A235-F8FF13FB06A5}"
EndProject
Project("{FAE04EC0-301F-11D3-BF4B-00C04F79EFBC}") = "BattleshipGameXam.Forms.iOS", "BattleshipGameXam.Forms\BattleshipGameXam.Forms.iOS\BattleshipGameXam.Forms.iOS.csproj", "{8B8D7B0B-8E98-4FD8-8667-BDAC37210F9F}"
EndProject
Project("{FAE04EC0-301F-11D3-BF4B-00C04F79EFBC}") = "BattleshipGameXam.Forms", "BattleshipGameXam.Forms\BattleshipGameXam.Forms\BattleshipGameXam.Forms.csproj", "{D3E195D4-BA6A-4C4F-94FE-E21D5B9E4B9B}"
EndProject
Global
	GlobalSection(SolutionConfigurationPlatforms) = preSolution
		Debug|Any CPU = Debug|Any CPU
		Debug|iPhone = Debug|iPhone
		Debug|iPhoneSimulator = Debug|iPhoneSimulator
		Release|Any CPU = Release|Any CPU
		Release|iPhone = Release|iPhone
		Release|iPhoneSimulator = Release|iPhoneSimulator
	EndGlobalSection
	GlobalSection(ProjectConfigurationPlatforms) = postSolution
		{9B8E647D-5F63-455B-A235-F8FF13FB06A5}.Debug|Any CPU.ActiveCfg = Debug|Any CPU
		{9B8E647D-5F63-455B-A235-F8FF13FB06A5}.Debug|Any CPU.Build.0 = Debug|Any CPU
		{9B8E647D-5F63-455B-A235-F8FF13FB06A5}.Debug|Any CPU.Deploy.0 = Debug|Any CPU
		{9B8E647D-5F63-455B-A235-F8FF13FB06A5}.Debug|iPhone.ActiveCfg = Debug|Any CPU
		{9B8E647D-5F63-455B-A235-F8FF13FB06A5}.Debug|iPhone.Build.0 = Debug|Any CPU
		{9B8E647D-5F63-455B-A235-F8FF13FB06A5}.Debug|iPhone.Deploy.0 = Debug|Any CPU
		{9B8E647D-5F63-455B-A235-F8FF13FB06A5}.Debug|iPhoneSimulator.ActiveCfg = Debug|Any CPU
		{9B8E647D-5F63-455B-A235-F8FF13FB06A5}.Debug|iPhoneSimulator.Build.0 = Debug|Any CPU
		{9B8E647D-5F63-455B-A235-F8FF13FB06A5}.Debug|iPhoneSimulator.Deploy.0 = Debug|Any CPU
		{9B8E647D-5F63-455B-A235-F8FF13FB06A5}.Release|Any CPU.ActiveCfg = Release|Any CPU
		{9B8E647D-5F63-455B-A235-F8FF13FB06A5}.Release|Any CPU.Build.0 = Release|Any CPU
		{9B8E647D-5F63-455B-A235-F8FF13FB06A5}.Release|Any CPU.Deploy.0 = Release|Any CPU
		{9B8E647D-5F63-455B-A235-F8FF13FB06A5}.Release|iPhone.ActiveCfg = Release|Any CPU
		{9B8E647D-5F63-455B-A235-F8FF13FB06A5}.Release|iPhone.Build.0 = Release|Any CPU
		{9B8E647D-5F63-455B-A235-F8FF13FB06A5}.Release|iPhone.Deploy.0 = Release|Any CPU
		{9B8E647D-5F63-455B-A235-F8FF13FB06A5}.Release|iPhoneSimulator.ActiveCfg = Release|Any CPU
		{9B8E647D-5F63-455B-A235-F8FF13FB06A5}.Release|iPhoneSimulator.Build.0 = Release|Any CPU
		{9B8E647D-5F63-455B-A235-F8FF13FB06A5}.Release|iPhoneSimulator.Deploy.0 = Release|Any CPU
		{8B8D7B0B-8E98-4FD8-8667-BDAC37210F9F}.Debug|Any CPU.ActiveCfg = Debug|iPhone
		{8B8D7B0B-8E98-4FD8-8667-BDAC37210F9F}.Debug|Any CPU.Build.0 = Debug|iPhone
		{8B8D7B0B-8E98-4FD8-8667-BDAC37210F9F}.Debug|Any CPU.Deploy.0 = Debug|iPhone
		{8B8D7B0B-8E98-4FD8-8667-BDAC37210F9F}.Debug|iPhone.ActiveCfg = Debug|iPhone
		{8B8D7B0B-8E98-4FD8-8667-BDAC37210F9F}.Debug|iPhone.Build.0 = Debug|iPhone
		{8B8D7B0B-8E98-4FD8-8667-BDAC37210F9F}.Debug|iPhone.Deploy.0 = Debug|iPhone
		{8B8D7B0B-8E98-4FD8-8667-BDAC37210F9F}.Debug|iPhoneSimulator.ActiveCfg = Debug|iPhoneSimulator
		{8B8D7B0B-8E98-4FD8-8667-BDAC37210F9F}.Debug|iPhoneSimulator.Build.0 = Debug|iPhoneSimulator
		{8B8D7B0B-8E98-4FD8-8667-BDAC37210F9F}.Debug|iPhoneSimulator.Deploy.0 = Debug|iPhoneSimulator
		{8B8D7B0B-8E98-4FD8-8667-BDAC37210F9F}.Release|Any CPU.ActiveCfg = Release|iPhoneSimulator
		{8B8D7B0B-8E98-4FD8-8667-BDAC37210F9F}.Release|Any CPU.Build.0 = Release|iPhoneSimulator
		{8B8D7B0B-8E98-4FD8-8667-BDAC37210F9F}.Release|Any CPU.Deploy.0 = Release|iPhoneSimulator
		{8B8D7B0B-8E98-4FD8-8667-BDAC37210F9F}.Release|iPhone.ActiveCfg = Release|iPhone
		{8B8D7B0B-8E98-4FD8-8667-BDAC37210F9F}.Release|iPhone.Build.0 = Release|iPhone
		{8B8D7B0B-8E98-4FD8-8667-BDAC37210F9F}.Release|iPhone.Deploy.0 = Release|iPhone
		{8B8D7B0B-8E98-4FD8-8667-BDAC37210F9F}.Release|iPhoneSimulator.ActiveCfg = Release|iPhoneSimulator
		{8B8D7B0B-8E98-4FD8-8667-BDAC37210F9F}.Release|iPhoneSimulator.Build.0 = Release|iPhoneSimulator
		{8B8D7B0B-8E98-4FD8-8667-BDAC37210F9F}.Release|iPhoneSimulator.Deploy.0 = Release|iPhoneSimulator
		{D3E195D4-BA6A-4C4F-94FE-E21D5B9E4B9B}.Debug|Any CPU.ActiveCfg = Debug|Any CPU
		{D3E195D4-BA6A-4C4F-94FE-E21D5B9E4B9B}.Debug|Any CPU.Build.0 = Debug|Any CPU
		{D3E195D4-BA6A-4C4F-94FE-E21D5B9E4B9B}.Debug|Any CPU.Deploy.0 = Debug|Any CPU
		{D3E195D4-BA6A-4C4F-94FE-E21D5B9E4B9B}.Debug|iPhone.ActiveCfg = Debug|Any CPU
		{D3E195D4-BA6A-4C4F-94FE-E21D5B9E4B9B}.Debug|iPhone.Build.0 = Debug|Any CPU
		{D3E195D4-BA6A-4C4F-94FE-E21D5B9E4B9B}.Debug|iPhone.Deploy.0 = Debug|Any CPU
		{D3E195D4-BA6A-4C4F-94FE-E21D5B9E4B9B}.Debug|iPhoneSimulator.ActiveCfg = Debug|Any CPU
		{D3E195D4-BA6A-4C4F-94FE-E21D5B9E4B9B}.Debug|iPhoneSimulator.Build.0 = Debug|Any CPU
		{D3E195D4-BA6A-4C4F-94FE-E21D5B9E4B9B}.Debug|iPhoneSimulator.Deploy.0 = Debug|Any CPU
		{D3E195D4-BA6A-4C4F-94FE-E21D5B9E4B9B}.Release|Any CPU.ActiveCfg = Release|Any CPU
		{D3E195D4-BA6A-4C4F-94FE-E21D5B9E4B9B}.Release|Any CPU.Build.0 = Release|Any CPU
		{D3E195D4-BA6A-4C4F-94FE-E21D5B9E4B9B}.Release|Any CPU.Deploy.0 = Release|Any CPU
		{D3E195D4-BA6A-4C4F-94FE-E21D5B9E4B9B}.Release|iPhone.ActiveCfg = Release|Any CPU
		{D3E195D4-BA6A-4C4F-94FE-E21D5B9E4B9B}.Release|iPhone.Build.0 = Release|Any CPU
		{D3E195D4-BA6A-4C4F-94FE-E21D5B9E4B9B}.Release|iPhone.Deploy.0 = Release|Any CPU
		{D3E195D4-BA6A-4C4F-94FE-E21D5B9E4B9B}.Release|iPhoneSimulator.ActiveCfg = Release|Any CPU
		{D3E195D4-BA6A-4C4F-94FE-E21D5B9E4B9B}.Release|iPhoneSimulator.Build.0 = Release|Any CPU
		{D3E195D4-BA6A-4C4F-94FE-E21D5B9E4B9B}.Release|iPhoneSimulator.Deploy.0 = Release|Any CPU
	EndGlobalSection
	GlobalSection(SolutionProperties) = preSolution
		HideSolutionNode = FALSE
	EndGlobalSection
	GlobalSection(ExtensibilityGlobals) = postSolution
		SolutionGuid = {F7DF3B86-873A-42BD-BA22-CB18E9800CA1}
	EndGlobalSection
EndGlobal
